
Microsoft Visual Studio Solution File, Format Version 12.00
# Visual Studio Version 17
VisualStudioVersion = 17.0.32112.339
MinimumVisualStudioVersion = 10.0.40219.1
Project("{FAE04EC0-301F-11D3-BF4B-00C04F79EFBC}") = "Actividad_11_08_22", "Actividad_11_08_22.csproj", "{2C54EB11-ED65-4AAD-9960-C251106D4BB8}"
EndProject
Global
	GlobalSection(SolutionConfigurationPlatforms) = preSolution
		Debug|Any CPU = Debug|Any CPU
		Release|Any CPU = Release|Any CPU
	EndGlobalSection
	GlobalSection(ProjectConfigurationPlatforms) = postSolution
		{2C54EB11-ED65-4AAD-9960-C251106D4BB8}.Debug|Any CPU.ActiveCfg = Debug|Any CPU
		{2C54EB11-ED65-4AAD-9960-C251106D4BB8}.Debug|Any CPU.Build.0 = Debug|Any CPU
		{2C54EB11-ED65-4AAD-9960-C251106D4BB8}.Release|Any CPU.ActiveCfg = Release|Any CPU
		{2C54EB11-ED65-4AAD-9960-C251106D4BB8}.Release|Any CPU.Build.0 = Release|Any CPU
	EndGlobalSection
	GlobalSection(SolutionProperties) = preSolution
		HideSolutionNode = FALSE
	EndGlobalSection
	GlobalSection(ExtensibilityGlobals) = postSolution
		SolutionGuid = {9304ADCF-AC82-4CC0-89DE-10F0E478DF9A}
	EndGlobalSection
EndGlobal
